
Microsoft Visual Studio Solution File, Format Version 12.00
# Visual Studio 15
VisualStudioVersion = 15.0.27703.2047
MinimumVisualStudioVersion = 10.0.40219.1
Project("{FAE04EC0-301F-11D3-BF4B-00C04F79EFBC}") = "SampleFirebase", "SampleFirebase\SampleFirebase.csproj", "{7C1294EA-E28D-410C-9343-C1A154E437EE}"
EndProject
Global
	GlobalSection(SolutionConfigurationPlatforms) = preSolution
		Debug|Any CPU = Debug|Any CPU
		Release|Any CPU = Release|Any CPU
	EndGlobalSection
	GlobalSection(ProjectConfigurationPlatforms) = postSolution
		{7C1294EA-E28D-410C-9343-C1A154E437EE}.Debug|Any CPU.ActiveCfg = Debug|Any CPU
		{7C1294EA-E28D-410C-9343-C1A154E437EE}.Debug|Any CPU.Build.0 = Debug|Any CPU
		{7C1294EA-E28D-410C-9343-C1A154E437EE}.Release|Any CPU.ActiveCfg = Release|Any CPU
		{7C1294EA-E28D-410C-9343-C1A154E437EE}.Release|Any CPU.Build.0 = Release|Any CPU
	EndGlobalSection
	GlobalSection(SolutionProperties) = preSolution
		HideSolutionNode = FALSE
	EndGlobalSection
	GlobalSection(ExtensibilityGlobals) = postSolution
		SolutionGuid = {354E15DA-1CD5-4D06-8A47-E31A286C9A89}
	EndGlobalSection
EndGlobal
